<?xml version="1.0" encoding="utf-8"?>
<Project ToolsVersion="4.0" xmlns="http://schemas.microsoft.com/developer/msbuild/2003">
  <ItemGroup>
    <ClCompile Include="tutorial3.cpp" />
    <ClCompile Include="Renderer.cpp">
      <Filter>Source File</Filter>
    </ClCompile>
  </ItemGroup>
  <ItemGroup>
    <Filter Include="Header File">
      <UniqueIdentifier>{12894917-078d-4ae2-9b94-684d63c5b1ea}</UniqueIdentifier>
    </Filter>
    <Filter Include="Source File">
      <UniqueIdentifier>{b3c35229-7950-4231-8356-b24df3c2fb2f}</UniqueIdentifier>
    </Filter>
  </ItemGroup>
  <ItemGroup>
    <ClInclude Include="Renderer.h">
      <Filter>Header File</Filter>
    </ClInclude>
  </ItemGroup>
</Project>